{
  "name": "throughnotify",
  "version": "1.0.0",
  "lockfileVersion": 1,
  "requires": true,
  "dependencies": {
    "@grpc/grpc-js": {
      "version": "1.3.7",
      "resolved": "http://artifactory.intra.xiaojukeji.com:80/artifactory/api/npm/npm/@grpc/grpc-js/-/grpc-js-1.3.7.tgz?dl=https%3A%2F%2Frepo.huaweicloud.com%2Frepository%2Fnpm%2F%40grpc%2Fgrpc-js%2F-%2Fgrpc-js-1.3.7.tgz",
      "integrity": "sha1-WLaHr/k7dDqv3iN/0u6aMlnX8tg=",
      "requires": {
        "@types/node": ">=12.12.47"
      }
    },
    "@grpc/proto-loader": {
      "version": "0.6.5",
      "resolved": "http://artifactory.intra.xiaojukeji.com:80/artifactory/api/npm/npm/@grpc/proto-loader/-/proto-loader-0.6.5.tgz?dl=https%3A%2F%2Frepo.huaweicloud.com%2Frepository%2Fnpm%2F%40grpc%2Fproto-loader%2F-%2Fproto-loader-0.6.5.tgz",
      "integrity": "sha1-8jx8s+cHaocC9AwrZnjwb7mVClU=",
      "requires": {
        "@types/long": "^4.0.1",
        "lodash.camelcase": "^4.3.0",
        "long": "^4.0.0",
        "protobufjs": "^6.10.0",
        "yargs": "^16.1.1"
      }
    },
    "@protobufjs/aspromise": {
      "version": "1.1.2",
      "resolved": "http://artifactory.intra.xiaojukeji.com:80/artifactory/api/npm/npm/@protobufjs/aspromise/-/aspromise-1.1.2.tgz?dl=https%3A%2F%2Frepo.huaweicloud.com%2Frepository%2Fnpm%2F%40protobufjs%2Faspromise%2F-%2Faspromise-1.1.2.tgz",
      "integrity": "sha1-m4sMxmPWaafY9vXQiToU00jzD78="
    },
    "@protobufjs/base64": {
      "version": "1.1.2",
      "resolved": "http://artifactory.intra.xiaojukeji.com:80/artifactory/api/npm/npm/@protobufjs/base64/-/base64-1.1.2.tgz?dl=https%3A%2F%2Frepo.huaweicloud.com%2Frepository%2Fnpm%2F%40protobufjs%2Fbase64%2F-%2Fbase64-1.1.2.tgz",
      "integrity": "sha1-TIVzDlm5ofHzSQR9vyQpYDS7JzU="
    },
    "@protobufjs/codegen": {
      "version": "2.0.4",
      "resolved": "http://artifactory.intra.xiaojukeji.com:80/artifactory/api/npm/npm/@protobufjs/codegen/-/codegen-2.0.4.tgz?dl=https%3A%2F%2Frepo.huaweicloud.com%2Frepository%2Fnpm%2F%40protobufjs%2Fcodegen%2F-%2Fcodegen-2.0.4.tgz",
      "integrity": "sha1-fvN/DQEPsCitGtWXIuUG2SYoFcs="
    },
    "@protobufjs/eventemitter": {
      "version": "1.1.0",
      "resolved": "http://artifactory.intra.xiaojukeji.com:80/artifactory/api/npm/npm/@protobufjs/eventemitter/-/eventemitter-1.1.0.tgz?dl=https%3A%2F%2Frepo.huaweicloud.com%2Frepository%2Fnpm%2F%40protobufjs%2Feventemitter%2F-%2Feventemitter-1.1.0.tgz",
      "integrity": "sha1-NVy8mLr61ZePntCV85diHx0Ga3A="
    },
    "@protobufjs/fetch": {
      "version": "1.1.0",
      "resolved": "http://artifactory.intra.xiaojukeji.com:80/artifactory/api/npm/npm/@protobufjs/fetch/-/fetch-1.1.0.tgz?dl=https%3A%2F%2Frepo.huaweicloud.com%2Frepository%2Fnpm%2F%40protobufjs%2Ffetch%2F-%2Ffetch-1.1.0.tgz",
      "integrity": "sha1-upn7WYYUr2VwDBYZ/wbUVLDYTEU=",
      "requires": {
        "@protobufjs/aspromise": "^1.1.1",
        "@protobufjs/inquire": "^1.1.0"
      }
    },
    "@protobufjs/float": {
      "version": "1.0.2",
      "resolved": "http://artifactory.intra.xiaojukeji.com:80/artifactory/api/npm/npm/@protobufjs/float/-/float-1.0.2.tgz?dl=https%3A%2F%2Frepo.huaweicloud.com%2Frepository%2Fnpm%2F%40protobufjs%2Ffloat%2F-%2Ffloat-1.0.2.tgz",
      "integrity": "sha1-Xp4avctz/Ap8uLKR33jIy9l7h9E="
    },
    "@protobufjs/inquire": {
      "version": "1.1.0",
      "resolved": "http://artifactory.intra.xiaojukeji.com:80/artifactory/api/npm/npm/@protobufjs/inquire/-/inquire-1.1.0.tgz?dl=https%3A%2F%2Frepo.huaweicloud.com%2Frepository%2Fnpm%2F%40protobufjs%2Finquire%2F-%2Finquire-1.1.0.tgz",
      "integrity": "sha1-/yAOPnzyQp4tyvwRQIKOjMY48Ik="
    },
    "@protobufjs/path": {
      "version": "1.1.2",
      "resolved": "http://artifactory.intra.xiaojukeji.com:80/artifactory/api/npm/npm/@protobufjs/path/-/path-1.1.2.tgz?dl=https%3A%2F%2Frepo.huaweicloud.com%2Frepository%2Fnpm%2F%40protobufjs%2Fpath%2F-%2Fpath-1.1.2.tgz",
      "integrity": "sha1-bMKyDFya1q0NzP0hynZz2Nf79o0="
    },
    "@protobufjs/pool": {
      "version": "1.1.0",
      "resolved": "http://artifactory.intra.xiaojukeji.com:80/artifactory/api/npm/npm/@protobufjs/pool/-/pool-1.1.0.tgz?dl=https%3A%2F%2Frepo.huaweicloud.com%2Frepository%2Fnpm%2F%40protobufjs%2Fpool%2F-%2Fpool-1.1.0.tgz",
      "integrity": "sha1-Cf0V8tbTq/qbZbw2ZQbWrXhG/1Q="
    },
    "@protobufjs/utf8": {
      "version": "1.1.0",
      "resolved": "http://artifactory.intra.xiaojukeji.com:80/artifactory/api/npm/npm/@protobufjs/utf8/-/utf8-1.1.0.tgz?dl=https%3A%2F%2Frepo.huaweicloud.com%2Frepository%2Fnpm%2F%40protobufjs%2Futf8%2F-%2Futf8-1.1.0.tgz",
      "integrity": "sha1-p3c2C1s5oaLlEG+OhY8v0tBgxXA="
    },
    "@types/long": {
      "version": "4.0.1",
      "resolved": "http://artifactory.intra.xiaojukeji.com:80/artifactory/api/npm/npm/@types/long/-/long-4.0.1.tgz?dl=https%3A%2F%2Frepo.huaweicloud.com%2Frepository%2Fnpm%2F%40types%2Flong%2F-%2Flong-4.0.1.tgz",
      "integrity": "sha1-RZxl+hhn2v5qjzIsTFFpVmPMVek="
    },
    "@types/node": {
      "version": "16.9.6",
      "resolved": "http://artifactory.intra.xiaojukeji.com:80/artifactory/api/npm/npm/@types/node/-/node-16.9.6.tgz?dl=https%3A%2F%2Fregistry.npmjs.org%2F%40types%2Fnode%2F-%2Fnode-16.9.6.tgz",
      "integrity": "sha1-BApk1/r55dnpQDVxJfCWMBLmbwQ="
    },
    "ansi-regex": {
      "version": "5.0.1",
      "resolved": "http://artifactory.intra.xiaojukeji.com:80/artifactory/api/npm/npm/ansi-regex/-/ansi-regex-5.0.1.tgz?dl=https%3A%2F%2Frepo.huaweicloud.com%2Frepository%2Fnpm%2Fansi-regex%2F-%2Fansi-regex-5.0.1.tgz",
      "integrity": "sha1-CCyyyJyf6GWaMRpTvWpNxTAdswQ="
    },
    "ansi-styles": {
      "version": "4.3.0",
      "resolved": "http://artifactory.intra.xiaojukeji.com:80/artifactory/api/npm/npm/ansi-styles/-/ansi-styles-4.3.0.tgz?dl=https%3A%2F%2Frepo.huaweicloud.com%2Frepository%2Fnpm%2Fansi-styles%2F-%2Fansi-styles-4.3.0.tgz",
      "integrity": "sha1-7dgDYornHATIWuegkG7a00tkiTc=",
      "requires": {
        "color-convert": "^2.0.1"
      }
    },
    "cliui": {
      "version": "7.0.4",
      "resolved": "http://artifactory.intra.xiaojukeji.com:80/artifactory/api/npm/npm/cliui/-/cliui-7.0.4.tgz?dl=https%3A%2F%2Frepo.huaweicloud.com%2Frepository%2Fnpm%2Fcliui%2F-%2Fcliui-7.0.4.tgz",
      "integrity": "sha1-oCZe5lVHb8gHrqnfPfjfd4OAi08=",
      "requires": {
        "string-width": "^4.2.0",
        "strip-ansi": "^6.0.0",
        "wrap-ansi": "^7.0.0"
      }
    },
    "color-convert": {
      "version": "2.0.1",
      "resolved": "http://artifactory.intra.xiaojukeji.com:80/artifactory/api/npm/npm/color-convert/-/color-convert-2.0.1.tgz?dl=https%3A%2F%2Frepo.huaweicloud.com%2Frepository%2Fnpm%2Fcolor-convert%2F-%2Fcolor-convert-2.0.1.tgz",
      "integrity": "sha1-ctOmjVmMm9s68q0ehPIdiWq9TeM=",
      "requires": {
        "color-name": "~1.1.4"
      }
    },
    "color-name": {
      "version": "1.1.4",
      "resolved": "http://artifactory.intra.xiaojukeji.com:80/artifactory/api/npm/npm/color-name/-/color-name-1.1.4.tgz?dl=https%3A%2F%2Frepo.huaweicloud.com%2Frepository%2Fnpm%2Fcolor-name%2F-%2Fcolor-name-1.1.4.tgz",
      "integrity": "sha1-wqCah6y95pVD3m9j+jmVyCbFNqI="
    },
    "date-format": {
      "version": "3.0.0",
      "resolved": "http://artifactory.intra.xiaojukeji.com:80/artifactory/api/npm/npm/date-format/-/date-format-3.0.0.tgz?dl=https%3A%2F%2Frepo.huaweicloud.com%2Frepository%2Fnpm%2Fdate-format%2F-%2Fdate-format-3.0.0.tgz",
      "integrity": "sha1-64eANlx9KxURB4+0keZHl4DzrZU="
    },
    "debug": {
      "version": "4.3.2",
      "resolved": "http://artifactory.intra.xiaojukeji.com:80/artifactory/api/npm/npm/debug/-/debug-4.3.2.tgz?dl=https%3A%2F%2Frepo.huaweicloud.com%2Frepository%2Fnpm%2Fdebug%2F-%2Fdebug-4.3.2.tgz",
      "integrity": "sha1-8KScGKyHeeMdSgxgKd+3aHPHQos=",
      "requires": {
        "ms": "2.1.2"
      }
    },
    "emoji-regex": {
      "version": "8.0.0",
      "resolved": "http://artifactory.intra.xiaojukeji.com:80/artifactory/api/npm/npm/emoji-regex/-/emoji-regex-8.0.0.tgz?dl=https%3A%2F%2Frepo.huaweicloud.com%2Frepository%2Fnpm%2Femoji-regex%2F-%2Femoji-regex-8.0.0.tgz",
      "integrity": "sha1-6Bj9ac5cz8tARZT4QpY79TFkzDc="
    },
    "escalade": {
      "version": "3.1.1",
      "resolved": "http://artifactory.intra.xiaojukeji.com:80/artifactory/api/npm/npm/escalade/-/escalade-3.1.1.tgz?dl=https%3A%2F%2Frepo.huaweicloud.com%2Frepository%2Fnpm%2Fescalade%2F-%2Fescalade-3.1.1.tgz",
      "integrity": "sha1-2M/ccACWXFoBdLSoLqpcBVJ0LkA="
    },
    "flatted": {
      "version": "2.0.2",
      "resolved": "http://artifactory.intra.xiaojukeji.com:80/artifactory/api/npm/npm/flatted/-/flatted-2.0.2.tgz?dl=https%3A%2F%2Frepo.huaweicloud.com%2Frepository%2Fnpm%2Fflatted%2F-%2Fflatted-2.0.2.tgz",
      "integrity": "sha1-RXWyHivO50NKqb5mL0t7X5wrUTg="
    },
    "fs-extra": {
      "version": "8.1.0",
      "resolved": "http://artifactory.intra.xiaojukeji.com:80/artifactory/api/npm/npm/fs-extra/-/fs-extra-8.1.0.tgz?dl=https%3A%2F%2Frepo.huaweicloud.com%2Frepository%2Fnpm%2Ffs-extra%2F-%2Ffs-extra-8.1.0.tgz",
      "integrity": "sha1-SdQ8RaiM2Wd2aMt74bRu/bjS4cA=",
      "requires": {
        "graceful-fs": "^4.2.0",
        "jsonfile": "^4.0.0",
        "universalify": "^0.1.0"
      }
    },
    "get-caller-file": {
      "version": "2.0.5",
      "resolved": "http://artifactory.intra.xiaojukeji.com:80/artifactory/api/npm/npm/get-caller-file/-/get-caller-file-2.0.5.tgz?dl=https%3A%2F%2Frepo.huaweicloud.com%2Frepository%2Fnpm%2Fget-caller-file%2F-%2Fget-caller-file-2.0.5.tgz",
      "integrity": "sha1-T5RBKoLbMvNuOwuXQfipf+sDH34="
    },
    "graceful-fs": {
      "version": "4.2.8",
      "resolved": "http://artifactory.intra.xiaojukeji.com:80/artifactory/api/npm/npm/graceful-fs/-/graceful-fs-4.2.8.tgz?dl=https%3A%2F%2Frepo.huaweicloud.com%2Frepository%2Fnpm%2Fgraceful-fs%2F-%2Fgraceful-fs-4.2.8.tgz",
      "integrity": "sha1-5BK40z9eAGWTy9PO5t+fLOu+gCo="
    },
    "is-fullwidth-code-point": {
      "version": "3.0.0",
      "resolved": "http://artifactory.intra.xiaojukeji.com:80/artifactory/api/npm/npm/is-fullwidth-code-point/-/is-fullwidth-code-point-3.0.0.tgz?dl=https%3A%2F%2Frepo.huaweicloud.com%2Frepository%2Fnpm%2Fis-fullwidth-code-point%2F-%2Fis-fullwidth-code-point-3.0.0.tgz",
      "integrity": "sha1-8Rb4Bk/pCz94RKOJl8C3UFEmnx0="
    },
    "jsonfile": {
      "version": "4.0.0",
      "resolved": "http://artifactory.intra.xiaojukeji.com:80/artifactory/api/npm/npm/jsonfile/-/jsonfile-4.0.0.tgz?dl=https%3A%2F%2Frepo.huaweicloud.com%2Frepository%2Fnpm%2Fjsonfile%2F-%2Fjsonfile-4.0.0.tgz",
      "integrity": "sha1-h3Gq4HmbZAdrdmQPygWPnBDjPss=",
      "requires": {
        "graceful-fs": "^4.1.6"
      }
    },
    "lodash.camelcase": {
      "version": "4.3.0",
      "resolved": "http://artifactory.intra.xiaojukeji.com:80/artifactory/api/npm/npm/lodash.camelcase/-/lodash.camelcase-4.3.0.tgz?dl=https%3A%2F%2Frepo.huaweicloud.com%2Frepository%2Fnpm%2Flodash.camelcase%2F-%2Flodash.camelcase-4.3.0.tgz",
      "integrity": "sha1-soqmKIorn8ZRA1x3EfZathkDMaY="
    },
    "log4js": {
      "version": "6.3.0",
      "resolved": "http://artifactory.intra.xiaojukeji.com:80/artifactory/api/npm/npm/log4js/-/log4js-6.3.0.tgz?dl=https%3A%2F%2Frepo.huaweicloud.com%2Frepository%2Fnpm%2Flog4js%2F-%2Flog4js-6.3.0.tgz",
      "integrity": "sha1-EN+vu0NDUaPjAnegC5h5RG9xW8s=",
      "requires": {
        "date-format": "^3.0.0",
        "debug": "^4.1.1",
        "flatted": "^2.0.1",
        "rfdc": "^1.1.4",
        "streamroller": "^2.2.4"
      }
    },
    "long": {
      "version": "4.0.0",
      "resolved": "http://artifactory.intra.xiaojukeji.com:80/artifactory/api/npm/npm/long/-/long-4.0.0.tgz?dl=https%3A%2F%2Frepo.huaweicloud.com%2Frepository%2Fnpm%2Flong%2F-%2Flong-4.0.0.tgz",
      "integrity": "sha1-mntxz7fTYaGU6lVSQckvdGjVvyg="
    },
    "ms": {
      "version": "2.1.2",
      "resolved": "http://artifactory.intra.xiaojukeji.com:80/artifactory/api/npm/npm/ms/-/ms-2.1.2.tgz?dl=https%3A%2F%2Frepo.huaweicloud.com%2Frepository%2Fnpm%2Fms%2F-%2Fms-2.1.2.tgz",
      "integrity": "sha1-0J0fNXtEP0kzgqjrPM0YOHKuYAk="
    },
    "protobufjs": {
      "version": "6.11.2",
      "resolved": "http://artifactory.intra.xiaojukeji.com:80/artifactory/api/npm/npm/protobufjs/-/protobufjs-6.11.2.tgz?dl=https%3A%2F%2Frepo.huaweicloud.com%2Frepository%2Fnpm%2Fprotobufjs%2F-%2Fprotobufjs-6.11.2.tgz",
      "integrity": "sha1-3jn6vU7TK+qgjpux4w0IVEwe34s=",
      "requires": {
        "@protobufjs/aspromise": "^1.1.2",
        "@protobufjs/base64": "^1.1.2",
        "@protobufjs/codegen": "^2.0.4",
        "@protobufjs/eventemitter": "^1.1.0",
        "@protobufjs/fetch": "^1.1.0",
        "@protobufjs/float": "^1.0.2",
        "@protobufjs/inquire": "^1.1.0",
        "@protobufjs/path": "^1.1.2",
        "@protobufjs/pool": "^1.1.0",
        "@protobufjs/utf8": "^1.1.0",
        "@types/long": "^4.0.1",
        "@types/node": ">=13.7.0",
        "long": "^4.0.0"
      }
    },
    "require-directory": {
      "version": "2.1.1",
      "resolved": "http://artifactory.intra.xiaojukeji.com:80/artifactory/api/npm/npm/require-directory/-/require-directory-2.1.1.tgz?dl=https%3A%2F%2Frepo.huaweicloud.com%2Frepository%2Fnpm%2Frequire-directory%2F-%2Frequire-directory-2.1.1.tgz",
      "integrity": "sha1-jGStX9MNqxyXbiNE/+f3kqam30I="
    },
    "rfdc": {
      "version": "1.3.0",
      "resolved": "http://artifactory.intra.xiaojukeji.com:80/artifactory/api/npm/npm/rfdc/-/rfdc-1.3.0.tgz?dl=https%3A%2F%2Frepo.huaweicloud.com%2Frepository%2Fnpm%2Frfdc%2F-%2Frfdc-1.3.0.tgz",
      "integrity": "sha1-0LfEQasnINBdxM8m4ByJYx2doIs="
    },
    "streamroller": {
      "version": "2.2.4",
      "resolved": "http://artifactory.intra.xiaojukeji.com:80/artifactory/api/npm/npm/streamroller/-/streamroller-2.2.4.tgz?dl=https%3A%2F%2Frepo.huaweicloud.com%2Frepository%2Fnpm%2Fstreamroller%2F-%2Fstreamroller-2.2.4.tgz",
      "integrity": "sha1-wZjO1C25QIamGTYIGHzoCl8rDlM=",
      "requires": {
        "date-format": "^2.1.0",
        "debug": "^4.1.1",
        "fs-extra": "^8.1.0"
      },
      "dependencies": {
        "date-format": {
          "version": "2.1.0",
          "resolved": "http://artifactory.intra.xiaojukeji.com:80/artifactory/api/npm/npm/date-format/-/date-format-2.1.0.tgz?dl=https%3A%2F%2Frepo.huaweicloud.com%2Frepository%2Fnpm%2Fdate-format%2F-%2Fdate-format-2.1.0.tgz",
          "integrity": "sha1-MdW16iEc9f12TNOLr50DPffhJc8="
        }
      }
    },
    "string-width": {
      "version": "4.2.2",
      "resolved": "http://artifactory.intra.xiaojukeji.com:80/artifactory/api/npm/npm/string-width/-/string-width-4.2.2.tgz?dl=https%3A%2F%2Frepo.huaweicloud.com%2Frepository%2Fnpm%2Fstring-width%2F-%2Fstring-width-4.2.2.tgz",
      "integrity": "sha1-2v1PlVmnWFz7pSnGoKT3NIjr1MU=",
      "requires": {
        "emoji-regex": "^8.0.0",
        "is-fullwidth-code-point": "^3.0.0",
        "strip-ansi": "^6.0.0"
      }
    },
    "strip-ansi": {
      "version": "6.0.0",
      "resolved": "http://artifactory.intra.xiaojukeji.com:80/artifactory/api/npm/npm/strip-ansi/-/strip-ansi-6.0.0.tgz?dl=https%3A%2F%2Frepo.huaweicloud.com%2Frepository%2Fnpm%2Fstrip-ansi%2F-%2Fstrip-ansi-6.0.0.tgz",
      "integrity": "sha1-CxVx3XZpzNTz4G4U7x7tJiJa5TI=",
      "requires": {
        "ansi-regex": "^5.0.0"
      }
    },
    "typescript": {
      "version": "4.4.3",
      "resolved": "http://artifactory.intra.xiaojukeji.com:80/artifactory/api/npm/npm/typescript/-/typescript-4.4.3.tgz?dl=https%3A%2F%2Frepo.huaweicloud.com%2Frepository%2Fnpm%2Ftypescript%2F-%2Ftypescript-4.4.3.tgz",
      "integrity": "sha1-vcVAfKorEJ79T4L+EwZW+XeikyQ=",
      "dev": true
    },
    "universalify": {
      "version": "0.1.2",
      "resolved": "http://artifactory.intra.xiaojukeji.com:80/artifactory/api/npm/npm/universalify/-/universalify-0.1.2.tgz?dl=https%3A%2F%2Frepo.huaweicloud.com%2Frepository%2Fnpm%2Funiversalify%2F-%2Funiversalify-0.1.2.tgz",
      "integrity": "sha1-tkb2m+OULavOzJ1mOcgNwQXvqmY="
    },
    "uuid": {
      "version": "8.3.2",
      "resolved": "http://artifactory.intra.xiaojukeji.com:80/artifactory/api/npm/npm/uuid/-/uuid-8.3.2.tgz?dl=https%3A%2F%2Frepo.huaweicloud.com%2Frepository%2Fnpm%2Fuuid%2F-%2Fuuid-8.3.2.tgz",
      "integrity": "sha1-gNW1ztJxu5r2xEXyGhoExgbO++I="
    },
    "wrap-ansi": {
      "version": "7.0.0",
      "resolved": "http://artifactory.intra.xiaojukeji.com:80/artifactory/api/npm/npm/wrap-ansi/-/wrap-ansi-7.0.0.tgz?dl=https%3A%2F%2Frepo.huaweicloud.com%2Frepository%2Fnpm%2Fwrap-ansi%2F-%2Fwrap-ansi-7.0.0.tgz",
      "integrity": "sha1-Z+FFz/UQpqaYS98RUpEdadLrnkM=",
      "requires": {
        "ansi-styles": "^4.0.0",
        "string-width": "^4.1.0",
        "strip-ansi": "^6.0.0"
      }
    },
    "y18n": {
      "version": "5.0.8",
      "resolved": "http://artifactory.intra.xiaojukeji.com:80/artifactory/api/npm/npm/y18n/-/y18n-5.0.8.tgz?dl=https%3A%2F%2Frepo.huaweicloud.com%2Frepository%2Fnpm%2Fy18n%2F-%2Fy18n-5.0.8.tgz",
      "integrity": "sha1-f0k00PfKjFb5UxSTndzS3ZHOHVU="
    },
    "yargs": {
      "version": "16.2.0",
      "resolved": "http://artifactory.intra.xiaojukeji.com:80/artifactory/api/npm/npm/yargs/-/yargs-16.2.0.tgz?dl=https%3A%2F%2Frepo.huaweicloud.com%2Frepository%2Fnpm%2Fyargs%2F-%2Fyargs-16.2.0.tgz",
      "integrity": "sha1-HIK/D2tqZur85+8w43b0mhJHf2Y=",
      "requires": {
        "cliui": "^7.0.2",
        "escalade": "^3.1.1",
        "get-caller-file": "^2.0.5",
        "require-directory": "^2.1.1",
        "string-width": "^4.2.0",
        "y18n": "^5.0.5",
        "yargs-parser": "^20.2.2"
      }
    },
    "yargs-parser": {
      "version": "20.2.9",
      "resolved": "http://artifactory.intra.xiaojukeji.com:80/artifactory/api/npm/npm/yargs-parser/-/yargs-parser-20.2.9.tgz?dl=https%3A%2F%2Frepo.huaweicloud.com%2Frepository%2Fnpm%2Fyargs-parser%2F-%2Fyargs-parser-20.2.9.tgz",
      "integrity": "sha1-LrfcOwKJcY/ClfNidThFxBoMlO4="
    }
  }
}
